
Microsoft Visual Studio Solution File, Format Version 12.00
# Visual Studio 14
VisualStudioVersion = 14.0.23107.0
MinimumVisualStudioVersion = 10.0.40219.1
Project("{FAE04EC0-301F-11D3-BF4B-00C04F79EFBC}") = "ParkHelper.Droid", "ParkHelper\ParkHelper.Droid\ParkHelper.Droid.csproj", "{F17A9C6E-CA1D-4DF8-B573-876AF6F9EE08}"
EndProject
Project("{FAE04EC0-301F-11D3-BF4B-00C04F79EFBC}") = "ParkHelper.iOS", "ParkHelper\ParkHelper.iOS\ParkHelper.iOS.csproj", "{1010A926-EF27-4336-8EC6-AA81965BC2B7}"
EndProject
Project("{FAE04EC0-301F-11D3-BF4B-00C04F79EFBC}") = "ParkHelper", "ParkHelper\ParkHelper\ParkHelper.csproj", "{026F9F68-7AD1-4A27-87AB-20B1187BD53B}"
EndProject
Project("{FAE04EC0-301F-11D3-BF4B-00C04F79EFBC}") = "ParkHelper.Common", "ParkHelper.Common\ParkHelper.Common.csproj", "{38637184-2637-429D-9F7C-8AE2488D4CB2}"
EndProject
Project("{FAE04EC0-301F-11D3-BF4B-00C04F79EFBC}") = "ParkHelper.Data", "ParkHelper.Data\ParkHelper.Data.csproj", "{C6BE9CFA-57E8-4C90-A1E6-197CEBABE6BC}"
EndProject
Project("{2150E333-8FDC-42A3-9474-1A3956D46DE8}") = "Portable", "Portable", "{F678C576-8CB2-4E1C-92E3-E0B34BB7D26A}"
EndProject
Project("{2150E333-8FDC-42A3-9474-1A3956D46DE8}") = "Webservice", "Webservice", "{D138A1AA-1C4E-4A1A-B5DD-5A4F3BBBB16E}"
EndProject
Project("{FAE04EC0-301F-11D3-BF4B-00C04F79EFBC}") = "ParkHelper.Api", "ParcHelper.Api\ParkHelper.Api.csproj", "{CD8776D1-6F92-44AA-9DF4-B3BD97E5FB26}"
EndProject
Project("{FAE04EC0-301F-11D3-BF4B-00C04F79EFBC}") = "ParkHelperPortableDataTest", "ParkHelperPortableDataTest\ParkHelperPortableDataTest.csproj", "{E0F509D7-5A5E-4BCF-BDF9-5A59F7A34689}"
EndProject
Project("{FAE04EC0-301F-11D3-BF4B-00C04F79EFBC}") = "ParkHelperDataTest", "ParkHelperDataTest\ParkHelperDataTest.csproj", "{2D9DC42B-A829-4CF0-9C64-AC0D3F915458}"
EndProject
Global
	GlobalSection(SolutionConfigurationPlatforms) = preSolution
		Ad-Hoc|Any CPU = Ad-Hoc|Any CPU
		Ad-Hoc|iPhone = Ad-Hoc|iPhone
		Ad-Hoc|iPhoneSimulator = Ad-Hoc|iPhoneSimulator
		AppStore|Any CPU = AppStore|Any CPU
		AppStore|iPhone = AppStore|iPhone
		AppStore|iPhoneSimulator = AppStore|iPhoneSimulator
		Debug|Any CPU = Debug|Any CPU
		Debug|iPhone = Debug|iPhone
		Debug|iPhoneSimulator = Debug|iPhoneSimulator
		Release|Any CPU = Release|Any CPU
		Release|iPhone = Release|iPhone
		Release|iPhoneSimulator = Release|iPhoneSimulator
	EndGlobalSection
	GlobalSection(ProjectConfigurationPlatforms) = postSolution
		{F17A9C6E-CA1D-4DF8-B573-876AF6F9EE08}.Ad-Hoc|Any CPU.ActiveCfg = Release|Any CPU
		{F17A9C6E-CA1D-4DF8-B573-876AF6F9EE08}.Ad-Hoc|Any CPU.Build.0 = Release|Any CPU
		{F17A9C6E-CA1D-4DF8-B573-876AF6F9EE08}.Ad-Hoc|Any CPU.Deploy.0 = Release|Any CPU
		{F17A9C6E-CA1D-4DF8-B573-876AF6F9EE08}.Ad-Hoc|iPhone.ActiveCfg = Release|Any CPU
		{F17A9C6E-CA1D-4DF8-B573-876AF6F9EE08}.Ad-Hoc|iPhone.Build.0 = Release|Any CPU
		{F17A9C6E-CA1D-4DF8-B573-876AF6F9EE08}.Ad-Hoc|iPhone.Deploy.0 = Release|Any CPU
		{F17A9C6E-CA1D-4DF8-B573-876AF6F9EE08}.Ad-Hoc|iPhoneSimulator.ActiveCfg = Release|Any CPU
		{F17A9C6E-CA1D-4DF8-B573-876AF6F9EE08}.Ad-Hoc|iPhoneSimulator.Build.0 = Release|Any CPU
		{F17A9C6E-CA1D-4DF8-B573-876AF6F9EE08}.Ad-Hoc|iPhoneSimulator.Deploy.0 = Release|Any CPU
		{F17A9C6E-CA1D-4DF8-B573-876AF6F9EE08}.AppStore|Any CPU.ActiveCfg = Release|Any CPU
		{F17A9C6E-CA1D-4DF8-B573-876AF6F9EE08}.AppStore|Any CPU.Build.0 = Release|Any CPU
		{F17A9C6E-CA1D-4DF8-B573-876AF6F9EE08}.AppStore|Any CPU.Deploy.0 = Release|Any CPU
		{F17A9C6E-CA1D-4DF8-B573-876AF6F9EE08}.AppStore|iPhone.ActiveCfg = Release|Any CPU
		{F17A9C6E-CA1D-4DF8-B573-876AF6F9EE08}.AppStore|iPhone.Build.0 = Release|Any CPU
		{F17A9C6E-CA1D-4DF8-B573-876AF6F9EE08}.AppStore|iPhone.Deploy.0 = Release|Any CPU
		{F17A9C6E-CA1D-4DF8-B573-876AF6F9EE08}.AppStore|iPhoneSimulator.ActiveCfg = Release|Any CPU
		{F17A9C6E-CA1D-4DF8-B573-876AF6F9EE08}.AppStore|iPhoneSimulator.Build.0 = Release|Any CPU
		{F17A9C6E-CA1D-4DF8-B573-876AF6F9EE08}.AppStore|iPhoneSimulator.Deploy.0 = Release|Any CPU
		{F17A9C6E-CA1D-4DF8-B573-876AF6F9EE08}.Debug|Any CPU.ActiveCfg = Debug|Any CPU
		{F17A9C6E-CA1D-4DF8-B573-876AF6F9EE08}.Debug|Any CPU.Build.0 = Debug|Any CPU
		{F17A9C6E-CA1D-4DF8-B573-876AF6F9EE08}.Debug|Any CPU.Deploy.0 = Debug|Any CPU
		{F17A9C6E-CA1D-4DF8-B573-876AF6F9EE08}.Debug|iPhone.ActiveCfg = Debug|Any CPU
		{F17A9C6E-CA1D-4DF8-B573-876AF6F9EE08}.Debug|iPhone.Build.0 = Debug|Any CPU
		{F17A9C6E-CA1D-4DF8-B573-876AF6F9EE08}.Debug|iPhone.Deploy.0 = Debug|Any CPU
		{F17A9C6E-CA1D-4DF8-B573-876AF6F9EE08}.Debug|iPhoneSimulator.ActiveCfg = Debug|Any CPU
		{F17A9C6E-CA1D-4DF8-B573-876AF6F9EE08}.Debug|iPhoneSimulator.Build.0 = Debug|Any CPU
		{F17A9C6E-CA1D-4DF8-B573-876AF6F9EE08}.Debug|iPhoneSimulator.Deploy.0 = Debug|Any CPU
		{F17A9C6E-CA1D-4DF8-B573-876AF6F9EE08}.Release|Any CPU.ActiveCfg = Release|Any CPU
		{F17A9C6E-CA1D-4DF8-B573-876AF6F9EE08}.Release|Any CPU.Build.0 = Release|Any CPU
		{F17A9C6E-CA1D-4DF8-B573-876AF6F9EE08}.Release|Any CPU.Deploy.0 = Release|Any CPU
		{F17A9C6E-CA1D-4DF8-B573-876AF6F9EE08}.Release|iPhone.ActiveCfg = Release|Any CPU
		{F17A9C6E-CA1D-4DF8-B573-876AF6F9EE08}.Release|iPhone.Build.0 = Release|Any CPU
		{F17A9C6E-CA1D-4DF8-B573-876AF6F9EE08}.Release|iPhone.Deploy.0 = Release|Any CPU
		{F17A9C6E-CA1D-4DF8-B573-876AF6F9EE08}.Release|iPhoneSimulator.ActiveCfg = Release|Any CPU
		{F17A9C6E-CA1D-4DF8-B573-876AF6F9EE08}.Release|iPhoneSimulator.Build.0 = Release|Any CPU
		{F17A9C6E-CA1D-4DF8-B573-876AF6F9EE08}.Release|iPhoneSimulator.Deploy.0 = Release|Any CPU
		{1010A926-EF27-4336-8EC6-AA81965BC2B7}.Ad-Hoc|Any CPU.ActiveCfg = Ad-Hoc|iPhone
		{1010A926-EF27-4336-8EC6-AA81965BC2B7}.Ad-Hoc|iPhone.ActiveCfg = Ad-Hoc|iPhone
		{1010A926-EF27-4336-8EC6-AA81965BC2B7}.Ad-Hoc|iPhone.Build.0 = Ad-Hoc|iPhone
		{1010A926-EF27-4336-8EC6-AA81965BC2B7}.Ad-Hoc|iPhoneSimulator.ActiveCfg = Ad-Hoc|iPhoneSimulator
		{1010A926-EF27-4336-8EC6-AA81965BC2B7}.Ad-Hoc|iPhoneSimulator.Build.0 = Ad-Hoc|iPhoneSimulator
		{1010A926-EF27-4336-8EC6-AA81965BC2B7}.AppStore|Any CPU.ActiveCfg = AppStore|iPhone
		{1010A926-EF27-4336-8EC6-AA81965BC2B7}.AppStore|iPhone.ActiveCfg = AppStore|iPhone
		{1010A926-EF27-4336-8EC6-AA81965BC2B7}.AppStore|iPhone.Build.0 = AppStore|iPhone
		{1010A926-EF27-4336-8EC6-AA81965BC2B7}.AppStore|iPhoneSimulator.ActiveCfg = AppStore|iPhoneSimulator
		{1010A926-EF27-4336-8EC6-AA81965BC2B7}.AppStore|iPhoneSimulator.Build.0 = AppStore|iPhoneSimulator
		{1010A926-EF27-4336-8EC6-AA81965BC2B7}.Debug|Any CPU.ActiveCfg = Debug|iPhone
		{1010A926-EF27-4336-8EC6-AA81965BC2B7}.Debug|iPhone.ActiveCfg = Debug|iPhone
		{1010A926-EF27-4336-8EC6-AA81965BC2B7}.Debug|iPhone.Build.0 = Debug|iPhone
		{1010A926-EF27-4336-8EC6-AA81965BC2B7}.Debug|iPhoneSimulator.ActiveCfg = Debug|iPhoneSimulator
		{1010A926-EF27-4336-8EC6-AA81965BC2B7}.Debug|iPhoneSimulator.Build.0 = Debug|iPhoneSimulator
		{1010A926-EF27-4336-8EC6-AA81965BC2B7}.Release|Any CPU.ActiveCfg = Release|iPhone
		{1010A926-EF27-4336-8EC6-AA81965BC2B7}.Release|iPhone.ActiveCfg = Release|iPhone
		{1010A926-EF27-4336-8EC6-AA81965BC2B7}.Release|iPhone.Build.0 = Release|iPhone
		{1010A926-EF27-4336-8EC6-AA81965BC2B7}.Release|iPhoneSimulator.ActiveCfg = Release|iPhoneSimulator
		{1010A926-EF27-4336-8EC6-AA81965BC2B7}.Release|iPhoneSimulator.Build.0 = Release|iPhoneSimulator
		{026F9F68-7AD1-4A27-87AB-20B1187BD53B}.Ad-Hoc|Any CPU.ActiveCfg = Release|Any CPU
		{026F9F68-7AD1-4A27-87AB-20B1187BD53B}.Ad-Hoc|Any CPU.Build.0 = Release|Any CPU
		{026F9F68-7AD1-4A27-87AB-20B1187BD53B}.Ad-Hoc|iPhone.ActiveCfg = Release|Any CPU
		{026F9F68-7AD1-4A27-87AB-20B1187BD53B}.Ad-Hoc|iPhone.Build.0 = Release|Any CPU
		{026F9F68-7AD1-4A27-87AB-20B1187BD53B}.Ad-Hoc|iPhoneSimulator.ActiveCfg = Release|Any CPU
		{026F9F68-7AD1-4A27-87AB-20B1187BD53B}.Ad-Hoc|iPhoneSimulator.Build.0 = Release|Any CPU
		{026F9F68-7AD1-4A27-87AB-20B1187BD53B}.AppStore|Any CPU.ActiveCfg = Release|Any CPU
		{026F9F68-7AD1-4A27-87AB-20B1187BD53B}.AppStore|Any CPU.Build.0 = Release|Any CPU
		{026F9F68-7AD1-4A27-87AB-20B1187BD53B}.AppStore|iPhone.ActiveCfg = Release|Any CPU
		{026F9F68-7AD1-4A27-87AB-20B1187BD53B}.AppStore|iPhone.Build.0 = Release|Any CPU
		{026F9F68-7AD1-4A27-87AB-20B1187BD53B}.AppStore|iPhoneSimulator.ActiveCfg = Release|Any CPU
		{026F9F68-7AD1-4A27-87AB-20B1187BD53B}.AppStore|iPhoneSimulator.Build.0 = Release|Any CPU
		{026F9F68-7AD1-4A27-87AB-20B1187BD53B}.Debug|Any CPU.ActiveCfg = Debug|Any CPU
		{026F9F68-7AD1-4A27-87AB-20B1187BD53B}.Debug|Any CPU.Build.0 = Debug|Any CPU
		{026F9F68-7AD1-4A27-87AB-20B1187BD53B}.Debug|iPhone.ActiveCfg = Debug|Any CPU
		{026F9F68-7AD1-4A27-87AB-20B1187BD53B}.Debug|iPhone.Build.0 = Debug|Any CPU
		{026F9F68-7AD1-4A27-87AB-20B1187BD53B}.Debug|iPhoneSimulator.ActiveCfg = Debug|Any CPU
		{026F9F68-7AD1-4A27-87AB-20B1187BD53B}.Debug|iPhoneSimulator.Build.0 = Debug|Any CPU
		{026F9F68-7AD1-4A27-87AB-20B1187BD53B}.Release|Any CPU.ActiveCfg = Release|Any CPU
		{026F9F68-7AD1-4A27-87AB-20B1187BD53B}.Release|Any CPU.Build.0 = Release|Any CPU
		{026F9F68-7AD1-4A27-87AB-20B1187BD53B}.Release|iPhone.ActiveCfg = Release|Any CPU
		{026F9F68-7AD1-4A27-87AB-20B1187BD53B}.Release|iPhone.Build.0 = Release|Any CPU
		{026F9F68-7AD1-4A27-87AB-20B1187BD53B}.Release|iPhoneSimulator.ActiveCfg = Release|Any CPU
		{026F9F68-7AD1-4A27-87AB-20B1187BD53B}.Release|iPhoneSimulator.Build.0 = Release|Any CPU
		{38637184-2637-429D-9F7C-8AE2488D4CB2}.Ad-Hoc|Any CPU.ActiveCfg = Release|Any CPU
		{38637184-2637-429D-9F7C-8AE2488D4CB2}.Ad-Hoc|Any CPU.Build.0 = Release|Any CPU
		{38637184-2637-429D-9F7C-8AE2488D4CB2}.Ad-Hoc|iPhone.ActiveCfg = Release|Any CPU
		{38637184-2637-429D-9F7C-8AE2488D4CB2}.Ad-Hoc|iPhone.Build.0 = Release|Any CPU
		{38637184-2637-429D-9F7C-8AE2488D4CB2}.Ad-Hoc|iPhoneSimulator.ActiveCfg = Release|Any CPU
		{38637184-2637-429D-9F7C-8AE2488D4CB2}.Ad-Hoc|iPhoneSimulator.Build.0 = Release|Any CPU
		{38637184-2637-429D-9F7C-8AE2488D4CB2}.AppStore|Any CPU.ActiveCfg = Release|Any CPU
		{38637184-2637-429D-9F7C-8AE2488D4CB2}.AppStore|Any CPU.Build.0 = Release|Any CPU
		{38637184-2637-429D-9F7C-8AE2488D4CB2}.AppStore|iPhone.ActiveCfg = Release|Any CPU
		{38637184-2637-429D-9F7C-8AE2488D4CB2}.AppStore|iPhone.Build.0 = Release|Any CPU
		{38637184-2637-429D-9F7C-8AE2488D4CB2}.AppStore|iPhoneSimulator.ActiveCfg = Release|Any CPU
		{38637184-2637-429D-9F7C-8AE2488D4CB2}.AppStore|iPhoneSimulator.Build.0 = Release|Any CPU
		{38637184-2637-429D-9F7C-8AE2488D4CB2}.Debug|Any CPU.ActiveCfg = Debug|Any CPU
		{38637184-2637-429D-9F7C-8AE2488D4CB2}.Debug|Any CPU.Build.0 = Debug|Any CPU
		{38637184-2637-429D-9F7C-8AE2488D4CB2}.Debug|iPhone.ActiveCfg = Debug|Any CPU
		{38637184-2637-429D-9F7C-8AE2488D4CB2}.Debug|iPhone.Build.0 = Debug|Any CPU
		{38637184-2637-429D-9F7C-8AE2488D4CB2}.Debug|iPhoneSimulator.ActiveCfg = Debug|Any CPU
		{38637184-2637-429D-9F7C-8AE2488D4CB2}.Debug|iPhoneSimulator.Build.0 = Debug|Any CPU
		{38637184-2637-429D-9F7C-8AE2488D4CB2}.Release|Any CPU.ActiveCfg = Release|Any CPU
		{38637184-2637-429D-9F7C-8AE2488D4CB2}.Release|Any CPU.Build.0 = Release|Any CPU
		{38637184-2637-429D-9F7C-8AE2488D4CB2}.Release|iPhone.ActiveCfg = Release|Any CPU
		{38637184-2637-429D-9F7C-8AE2488D4CB2}.Release|iPhone.Build.0 = Release|Any CPU
		{38637184-2637-429D-9F7C-8AE2488D4CB2}.Release|iPhoneSimulator.ActiveCfg = Release|Any CPU
		{38637184-2637-429D-9F7C-8AE2488D4CB2}.Release|iPhoneSimulator.Build.0 = Release|Any CPU
		{C6BE9CFA-57E8-4C90-A1E6-197CEBABE6BC}.Ad-Hoc|Any CPU.ActiveCfg = Release|Any CPU
		{C6BE9CFA-57E8-4C90-A1E6-197CEBABE6BC}.Ad-Hoc|Any CPU.Build.0 = Release|Any CPU
		{C6BE9CFA-57E8-4C90-A1E6-197CEBABE6BC}.Ad-Hoc|iPhone.ActiveCfg = Release|Any CPU
		{C6BE9CFA-57E8-4C90-A1E6-197CEBABE6BC}.Ad-Hoc|iPhone.Build.0 = Release|Any CPU
		{C6BE9CFA-57E8-4C90-A1E6-197CEBABE6BC}.Ad-Hoc|iPhoneSimulator.ActiveCfg = Release|Any CPU
		{C6BE9CFA-57E8-4C90-A1E6-197CEBABE6BC}.Ad-Hoc|iPhoneSimulator.Build.0 = Release|Any CPU
		{C6BE9CFA-57E8-4C90-A1E6-197CEBABE6BC}.AppStore|Any CPU.ActiveCfg = Release|Any CPU
		{C6BE9CFA-57E8-4C90-A1E6-197CEBABE6BC}.AppStore|Any CPU.Build.0 = Release|Any CPU
		{C6BE9CFA-57E8-4C90-A1E6-197CEBABE6BC}.AppStore|iPhone.ActiveCfg = Release|Any CPU
		{C6BE9CFA-57E8-4C90-A1E6-197CEBABE6BC}.AppStore|iPhone.Build.0 = Release|Any CPU
		{C6BE9CFA-57E8-4C90-A1E6-197CEBABE6BC}.AppStore|iPhoneSimulator.ActiveCfg = Release|Any CPU
		{C6BE9CFA-57E8-4C90-A1E6-197CEBABE6BC}.AppStore|iPhoneSimulator.Build.0 = Release|Any CPU
		{C6BE9CFA-57E8-4C90-A1E6-197CEBABE6BC}.Debug|Any CPU.ActiveCfg = Debug|Any CPU
		{C6BE9CFA-57E8-4C90-A1E6-197CEBABE6BC}.Debug|Any CPU.Build.0 = Debug|Any CPU
		{C6BE9CFA-57E8-4C90-A1E6-197CEBABE6BC}.Debug|iPhone.ActiveCfg = Debug|Any CPU
		{C6BE9CFA-57E8-4C90-A1E6-197CEBABE6BC}.Debug|iPhone.Build.0 = Debug|Any CPU
		{C6BE9CFA-57E8-4C90-A1E6-197CEBABE6BC}.Debug|iPhoneSimulator.ActiveCfg = Debug|Any CPU
		{C6BE9CFA-57E8-4C90-A1E6-197CEBABE6BC}.Debug|iPhoneSimulator.Build.0 = Debug|Any CPU
		{C6BE9CFA-57E8-4C90-A1E6-197CEBABE6BC}.Release|Any CPU.ActiveCfg = Release|Any CPU
		{C6BE9CFA-57E8-4C90-A1E6-197CEBABE6BC}.Release|Any CPU.Build.0 = Release|Any CPU
		{C6BE9CFA-57E8-4C90-A1E6-197CEBABE6BC}.Release|iPhone.ActiveCfg = Release|Any CPU
		{C6BE9CFA-57E8-4C90-A1E6-197CEBABE6BC}.Release|iPhone.Build.0 = Release|Any CPU
		{C6BE9CFA-57E8-4C90-A1E6-197CEBABE6BC}.Release|iPhoneSimulator.ActiveCfg = Release|Any CPU
		{C6BE9CFA-57E8-4C90-A1E6-197CEBABE6BC}.Release|iPhoneSimulator.Build.0 = Release|Any CPU
		{CD8776D1-6F92-44AA-9DF4-B3BD97E5FB26}.Ad-Hoc|Any CPU.ActiveCfg = Release|Any CPU
		{CD8776D1-6F92-44AA-9DF4-B3BD97E5FB26}.Ad-Hoc|Any CPU.Build.0 = Release|Any CPU
		{CD8776D1-6F92-44AA-9DF4-B3BD97E5FB26}.Ad-Hoc|iPhone.ActiveCfg = Release|Any CPU
		{CD8776D1-6F92-44AA-9DF4-B3BD97E5FB26}.Ad-Hoc|iPhone.Build.0 = Release|Any CPU
		{CD8776D1-6F92-44AA-9DF4-B3BD97E5FB26}.Ad-Hoc|iPhoneSimulator.ActiveCfg = Release|Any CPU
		{CD8776D1-6F92-44AA-9DF4-B3BD97E5FB26}.Ad-Hoc|iPhoneSimulator.Build.0 = Release|Any CPU
		{CD8776D1-6F92-44AA-9DF4-B3BD97E5FB26}.AppStore|Any CPU.ActiveCfg = Release|Any CPU
		{CD8776D1-6F92-44AA-9DF4-B3BD97E5FB26}.AppStore|Any CPU.Build.0 = Release|Any CPU
		{CD8776D1-6F92-44AA-9DF4-B3BD97E5FB26}.AppStore|iPhone.ActiveCfg = Release|Any CPU
		{CD8776D1-6F92-44AA-9DF4-B3BD97E5FB26}.AppStore|iPhone.Build.0 = Release|Any CPU
		{CD8776D1-6F92-44AA-9DF4-B3BD97E5FB26}.AppStore|iPhoneSimulator.ActiveCfg = Release|Any CPU
		{CD8776D1-6F92-44AA-9DF4-B3BD97E5FB26}.AppStore|iPhoneSimulator.Build.0 = Release|Any CPU
		{CD8776D1-6F92-44AA-9DF4-B3BD97E5FB26}.Debug|Any CPU.ActiveCfg = Debug|Any CPU
		{CD8776D1-6F92-44AA-9DF4-B3BD97E5FB26}.Debug|Any CPU.Build.0 = Debug|Any CPU
		{CD8776D1-6F92-44AA-9DF4-B3BD97E5FB26}.Debug|iPhone.ActiveCfg = Debug|Any CPU
		{CD8776D1-6F92-44AA-9DF4-B3BD97E5FB26}.Debug|iPhone.Build.0 = Debug|Any CPU
		{CD8776D1-6F92-44AA-9DF4-B3BD97E5FB26}.Debug|iPhoneSimulator.ActiveCfg = Debug|Any CPU
		{CD8776D1-6F92-44AA-9DF4-B3BD97E5FB26}.Debug|iPhoneSimulator.Build.0 = Debug|Any CPU
		{CD8776D1-6F92-44AA-9DF4-B3BD97E5FB26}.Release|Any CPU.ActiveCfg = Release|Any CPU
		{CD8776D1-6F92-44AA-9DF4-B3BD97E5FB26}.Release|Any CPU.Build.0 = Release|Any CPU
		{CD8776D1-6F92-44AA-9DF4-B3BD97E5FB26}.Release|iPhone.ActiveCfg = Release|Any CPU
		{CD8776D1-6F92-44AA-9DF4-B3BD97E5FB26}.Release|iPhone.Build.0 = Release|Any CPU
		{CD8776D1-6F92-44AA-9DF4-B3BD97E5FB26}.Release|iPhoneSimulator.ActiveCfg = Release|Any CPU
		{CD8776D1-6F92-44AA-9DF4-B3BD97E5FB26}.Release|iPhoneSimulator.Build.0 = Release|Any CPU
		{E0F509D7-5A5E-4BCF-BDF9-5A59F7A34689}.Ad-Hoc|Any CPU.ActiveCfg = Release|Any CPU
		{E0F509D7-5A5E-4BCF-BDF9-5A59F7A34689}.Ad-Hoc|Any CPU.Build.0 = Release|Any CPU
		{E0F509D7-5A5E-4BCF-BDF9-5A59F7A34689}.Ad-Hoc|iPhone.ActiveCfg = Release|Any CPU
		{E0F509D7-5A5E-4BCF-BDF9-5A59F7A34689}.Ad-Hoc|iPhone.Build.0 = Release|Any CPU
		{E0F509D7-5A5E-4BCF-BDF9-5A59F7A34689}.Ad-Hoc|iPhoneSimulator.ActiveCfg = Release|Any CPU
		{E0F509D7-5A5E-4BCF-BDF9-5A59F7A34689}.Ad-Hoc|iPhoneSimulator.Build.0 = Release|Any CPU
		{E0F509D7-5A5E-4BCF-BDF9-5A59F7A34689}.AppStore|Any CPU.ActiveCfg = Release|Any CPU
		{E0F509D7-5A5E-4BCF-BDF9-5A59F7A34689}.AppStore|Any CPU.Build.0 = Release|Any CPU
		{E0F509D7-5A5E-4BCF-BDF9-5A59F7A34689}.AppStore|iPhone.ActiveCfg = Release|Any CPU
		{E0F509D7-5A5E-4BCF-BDF9-5A59F7A34689}.AppStore|iPhone.Build.0 = Release|Any CPU
		{E0F509D7-5A5E-4BCF-BDF9-5A59F7A34689}.AppStore|iPhoneSimulator.ActiveCfg = Release|Any CPU
		{E0F509D7-5A5E-4BCF-BDF9-5A59F7A34689}.AppStore|iPhoneSimulator.Build.0 = Release|Any CPU
		{E0F509D7-5A5E-4BCF-BDF9-5A59F7A34689}.Debug|Any CPU.ActiveCfg = Debug|Any CPU
		{E0F509D7-5A5E-4BCF-BDF9-5A59F7A34689}.Debug|Any CPU.Build.0 = Debug|Any CPU
		{E0F509D7-5A5E-4BCF-BDF9-5A59F7A34689}.Debug|iPhone.ActiveCfg = Debug|Any CPU
		{E0F509D7-5A5E-4BCF-BDF9-5A59F7A34689}.Debug|iPhone.Build.0 = Debug|Any CPU
		{E0F509D7-5A5E-4BCF-BDF9-5A59F7A34689}.Debug|iPhoneSimulator.ActiveCfg = Debug|Any CPU
		{E0F509D7-5A5E-4BCF-BDF9-5A59F7A34689}.Debug|iPhoneSimulator.Build.0 = Debug|Any CPU
		{E0F509D7-5A5E-4BCF-BDF9-5A59F7A34689}.Release|Any CPU.ActiveCfg = Release|Any CPU
		{E0F509D7-5A5E-4BCF-BDF9-5A59F7A34689}.Release|Any CPU.Build.0 = Release|Any CPU
		{E0F509D7-5A5E-4BCF-BDF9-5A59F7A34689}.Release|iPhone.ActiveCfg = Release|Any CPU
		{E0F509D7-5A5E-4BCF-BDF9-5A59F7A34689}.Release|iPhone.Build.0 = Release|Any CPU
		{E0F509D7-5A5E-4BCF-BDF9-5A59F7A34689}.Release|iPhoneSimulator.ActiveCfg = Release|Any CPU
		{E0F509D7-5A5E-4BCF-BDF9-5A59F7A34689}.Release|iPhoneSimulator.Build.0 = Release|Any CPU
		{2D9DC42B-A829-4CF0-9C64-AC0D3F915458}.Ad-Hoc|Any CPU.ActiveCfg = Release|Any CPU
		{2D9DC42B-A829-4CF0-9C64-AC0D3F915458}.Ad-Hoc|Any CPU.Build.0 = Release|Any CPU
		{2D9DC42B-A829-4CF0-9C64-AC0D3F915458}.Ad-Hoc|iPhone.ActiveCfg = Release|Any CPU
		{2D9DC42B-A829-4CF0-9C64-AC0D3F915458}.Ad-Hoc|iPhone.Build.0 = Release|Any CPU
		{2D9DC42B-A829-4CF0-9C64-AC0D3F915458}.Ad-Hoc|iPhoneSimulator.ActiveCfg = Release|Any CPU
		{2D9DC42B-A829-4CF0-9C64-AC0D3F915458}.Ad-Hoc|iPhoneSimulator.Build.0 = Release|Any CPU
		{2D9DC42B-A829-4CF0-9C64-AC0D3F915458}.AppStore|Any CPU.ActiveCfg = Release|Any CPU
		{2D9DC42B-A829-4CF0-9C64-AC0D3F915458}.AppStore|Any CPU.Build.0 = Release|Any CPU
		{2D9DC42B-A829-4CF0-9C64-AC0D3F915458}.AppStore|iPhone.ActiveCfg = Release|Any CPU
		{2D9DC42B-A829-4CF0-9C64-AC0D3F915458}.AppStore|iPhone.Build.0 = Release|Any CPU
		{2D9DC42B-A829-4CF0-9C64-AC0D3F915458}.AppStore|iPhoneSimulator.ActiveCfg = Release|Any CPU
		{2D9DC42B-A829-4CF0-9C64-AC0D3F915458}.AppStore|iPhoneSimulator.Build.0 = Release|Any CPU
		{2D9DC42B-A829-4CF0-9C64-AC0D3F915458}.Debug|Any CPU.ActiveCfg = Debug|Any CPU
		{2D9DC42B-A829-4CF0-9C64-AC0D3F915458}.Debug|Any CPU.Build.0 = Debug|Any CPU
		{2D9DC42B-A829-4CF0-9C64-AC0D3F915458}.Debug|iPhone.ActiveCfg = Debug|Any CPU
		{2D9DC42B-A829-4CF0-9C64-AC0D3F915458}.Debug|iPhone.Build.0 = Debug|Any CPU
		{2D9DC42B-A829-4CF0-9C64-AC0D3F915458}.Debug|iPhoneSimulator.ActiveCfg = Debug|Any CPU
		{2D9DC42B-A829-4CF0-9C64-AC0D3F915458}.Debug|iPhoneSimulator.Build.0 = Debug|Any CPU
		{2D9DC42B-A829-4CF0-9C64-AC0D3F915458}.Release|Any CPU.ActiveCfg = Release|Any CPU
		{2D9DC42B-A829-4CF0-9C64-AC0D3F915458}.Release|Any CPU.Build.0 = Release|Any CPU
		{2D9DC42B-A829-4CF0-9C64-AC0D3F915458}.Release|iPhone.ActiveCfg = Release|Any CPU
		{2D9DC42B-A829-4CF0-9C64-AC0D3F915458}.Release|iPhone.Build.0 = Release|Any CPU
		{2D9DC42B-A829-4CF0-9C64-AC0D3F915458}.Release|iPhoneSimulator.ActiveCfg = Release|Any CPU
		{2D9DC42B-A829-4CF0-9C64-AC0D3F915458}.Release|iPhoneSimulator.Build.0 = Release|Any CPU
	EndGlobalSection
	GlobalSection(SolutionProperties) = preSolution
		HideSolutionNode = FALSE
	EndGlobalSection
	GlobalSection(NestedProjects) = preSolution
		{F17A9C6E-CA1D-4DF8-B573-876AF6F9EE08} = {F678C576-8CB2-4E1C-92E3-E0B34BB7D26A}
		{1010A926-EF27-4336-8EC6-AA81965BC2B7} = {F678C576-8CB2-4E1C-92E3-E0B34BB7D26A}
		{026F9F68-7AD1-4A27-87AB-20B1187BD53B} = {F678C576-8CB2-4E1C-92E3-E0B34BB7D26A}
		{38637184-2637-429D-9F7C-8AE2488D4CB2} = {F678C576-8CB2-4E1C-92E3-E0B34BB7D26A}
		{C6BE9CFA-57E8-4C90-A1E6-197CEBABE6BC} = {D138A1AA-1C4E-4A1A-B5DD-5A4F3BBBB16E}
		{CD8776D1-6F92-44AA-9DF4-B3BD97E5FB26} = {D138A1AA-1C4E-4A1A-B5DD-5A4F3BBBB16E}
		{E0F509D7-5A5E-4BCF-BDF9-5A59F7A34689} = {F678C576-8CB2-4E1C-92E3-E0B34BB7D26A}
		{2D9DC42B-A829-4CF0-9C64-AC0D3F915458} = {D138A1AA-1C4E-4A1A-B5DD-5A4F3BBBB16E}
	EndGlobalSection
EndGlobal
